
Microsoft Visual Studio Solution File, Format Version 12.00
# Visual Studio Version 16
VisualStudioVersion = 16.0.30804.86
MinimumVisualStudioVersion = 10.0.40219.1
Project("{9A19103F-16F7-4668-BE54-9A1E7A4F7556}") = "ProblemDetailsShowcase", "src\ProblemDetails.Showcase\ProblemDetailsShowcase.csproj", "{4F0EB5C2-44AE-433B-9AB6-08ADDE934B5D}"
EndProject
Project("{FAE04EC0-301F-11D3-BF4B-00C04F79EFBC}") = "ProblemDetails.Showcase.Tests", "tests\ProblemDetails.Showcase.Tests\ProblemDetails.Showcase.Tests.csproj", "{CEBF7496-1596-4C1A-B86C-2014B755AA74}"
EndProject
Global
	GlobalSection(SolutionConfigurationPlatforms) = preSolution
		Debug|Any CPU = Debug|Any CPU
		Release|Any CPU = Release|Any CPU
	EndGlobalSection
	GlobalSection(ProjectConfigurationPlatforms) = postSolution
		{4F0EB5C2-44AE-433B-9AB6-08ADDE934B5D}.Debug|Any CPU.ActiveCfg = Debug|Any CPU
		{4F0EB5C2-44AE-433B-9AB6-08ADDE934B5D}.Debug|Any CPU.Build.0 = Debug|Any CPU
		{4F0EB5C2-44AE-433B-9AB6-08ADDE934B5D}.Release|Any CPU.ActiveCfg = Release|Any CPU
		{4F0EB5C2-44AE-433B-9AB6-08ADDE934B5D}.Release|Any CPU.Build.0 = Release|Any CPU
		{CEBF7496-1596-4C1A-B86C-2014B755AA74}.Debug|Any CPU.ActiveCfg = Debug|Any CPU
		{CEBF7496-1596-4C1A-B86C-2014B755AA74}.Debug|Any CPU.Build.0 = Debug|Any CPU
		{CEBF7496-1596-4C1A-B86C-2014B755AA74}.Release|Any CPU.ActiveCfg = Release|Any CPU
		{CEBF7496-1596-4C1A-B86C-2014B755AA74}.Release|Any CPU.Build.0 = Release|Any CPU
	EndGlobalSection
	GlobalSection(SolutionProperties) = preSolution
		HideSolutionNode = FALSE
	EndGlobalSection
	GlobalSection(ExtensibilityGlobals) = postSolution
		SolutionGuid = {0EAEC559-F2CB-4F15-A8B2-0E411069C615}
	EndGlobalSection
EndGlobal
